
Microsoft Visual Studio Solution File, Format Version 12.00
# Visual Studio Version 17
VisualStudioVersion = 17.10.35013.160
MinimumVisualStudioVersion = 10.0.40219.1
Project("{FAE04EC0-301F-11D3-BF4B-00C04F79EFBC}") = "aravaChat", "aravaChat\aravaChat.csproj", "{B90457F3-E800-469F-92DB-8C89CF31966D}"
EndProject
Global
	GlobalSection(SolutionConfigurationPlatforms) = preSolution
		Debug|Any CPU = Debug|Any CPU
		Release|Any CPU = Release|Any CPU
	EndGlobalSection
	GlobalSection(ProjectConfigurationPlatforms) = postSolution
		{B90457F3-E800-469F-92DB-8C89CF31966D}.Debug|Any CPU.ActiveCfg = Debug|Any CPU
		{B90457F3-E800-469F-92DB-8C89CF31966D}.Debug|Any CPU.Build.0 = Debug|Any CPU
		{B90457F3-E800-469F-92DB-8C89CF31966D}.Release|Any CPU.ActiveCfg = Release|Any CPU
		{B90457F3-E800-469F-92DB-8C89CF31966D}.Release|Any CPU.Build.0 = Release|Any CPU
	EndGlobalSection
	GlobalSection(SolutionProperties) = preSolution
		HideSolutionNode = FALSE
	EndGlobalSection
	GlobalSection(ExtensibilityGlobals) = postSolution
		SolutionGuid = {F360D02E-A22A-445D-BDFE-68D055495418}
	EndGlobalSection
EndGlobal
